
Microsoft Visual Studio Solution File, Format Version 12.00
# Visual Studio Version 17
VisualStudioVersion = 17.8.34511.84
MinimumVisualStudioVersion = 10.0.40219.1
Project("{FAE04EC0-301F-11D3-BF4B-00C04F79EFBC}") = "FujitsuAzureAISearch", "FujitsuAzureAISearch\FujitsuAzureAISearch.csproj", "{0A05A198-1EA7-438D-983A-EDAE6E3D571A}"
EndProject
Project("{9A19103F-16F7-4668-BE54-9A1E7A4F7556}") = "DocumentSearchPortal", "DocumentSearchPortal\DocumentSearchPortal.csproj", "{267D5941-65B3-420C-9973-43FC14D43D67}"
EndProject
Project("{9A19103F-16F7-4668-BE54-9A1E7A4F7556}") = "DocumentSearchPortal.Tests", "DocumentSearchPortal.Tests\DocumentSearchPortal.Tests.csproj", "{33833EFF-61FB-4AE9-A1D6-68645021B714}"
EndProject
Project("{FAE04EC0-301F-11D3-BF4B-00C04F79EFBC}") = "DevConsoleApp", "DevConsoleApp\DevConsoleApp.csproj", "{172CB67F-3123-49D0-AD76-32AACE28741E}"
EndProject
Global
	GlobalSection(SolutionConfigurationPlatforms) = preSolution
		Debug|Any CPU = Debug|Any CPU
		Release|Any CPU = Release|Any CPU
	EndGlobalSection
	GlobalSection(ProjectConfigurationPlatforms) = postSolution
		{0A05A198-1EA7-438D-983A-EDAE6E3D571A}.Debug|Any CPU.ActiveCfg = Debug|Any CPU
		{0A05A198-1EA7-438D-983A-EDAE6E3D571A}.Debug|Any CPU.Build.0 = Debug|Any CPU
		{0A05A198-1EA7-438D-983A-EDAE6E3D571A}.Release|Any CPU.ActiveCfg = Release|Any CPU
		{0A05A198-1EA7-438D-983A-EDAE6E3D571A}.Release|Any CPU.Build.0 = Release|Any CPU
		{267D5941-65B3-420C-9973-43FC14D43D67}.Debug|Any CPU.ActiveCfg = Debug|Any CPU
		{267D5941-65B3-420C-9973-43FC14D43D67}.Debug|Any CPU.Build.0 = Debug|Any CPU
		{267D5941-65B3-420C-9973-43FC14D43D67}.Release|Any CPU.ActiveCfg = Release|Any CPU
		{267D5941-65B3-420C-9973-43FC14D43D67}.Release|Any CPU.Build.0 = Release|Any CPU
		{33833EFF-61FB-4AE9-A1D6-68645021B714}.Debug|Any CPU.ActiveCfg = Debug|Any CPU
		{33833EFF-61FB-4AE9-A1D6-68645021B714}.Debug|Any CPU.Build.0 = Debug|Any CPU
		{33833EFF-61FB-4AE9-A1D6-68645021B714}.Release|Any CPU.ActiveCfg = Release|Any CPU
		{33833EFF-61FB-4AE9-A1D6-68645021B714}.Release|Any CPU.Build.0 = Release|Any CPU
		{172CB67F-3123-49D0-AD76-32AACE28741E}.Debug|Any CPU.ActiveCfg = Debug|Any CPU
		{172CB67F-3123-49D0-AD76-32AACE28741E}.Debug|Any CPU.Build.0 = Debug|Any CPU
		{172CB67F-3123-49D0-AD76-32AACE28741E}.Release|Any CPU.ActiveCfg = Release|Any CPU
		{172CB67F-3123-49D0-AD76-32AACE28741E}.Release|Any CPU.Build.0 = Release|Any CPU
	EndGlobalSection
	GlobalSection(SolutionProperties) = preSolution
		HideSolutionNode = FALSE
	EndGlobalSection
	GlobalSection(ExtensibilityGlobals) = postSolution
		SolutionGuid = {8F408936-E093-4FF6-A4D6-130411025176}
	EndGlobalSection
EndGlobal
